
Microsoft Visual Studio Solution File, Format Version 12.00
# Visual Studio Version 17
VisualStudioVersion = 17.0.31903.59
MinimumVisualStudioVersion = 10.0.40219.1
Project("{FAE04EC0-301F-11D3-BF4B-00C04F79EFBC}") = "isolutionsFoodAssessment.WebApi", "isolutionsFoodAssessment.WebApi\isolutionsFoodAssessment.WebApi.csproj", "{E0575D96-8000-4467-B3A3-1CEFCCA6737D}"
EndProject
Global
	GlobalSection(SolutionConfigurationPlatforms) = preSolution
		Debug|Any CPU = Debug|Any CPU
		Release|Any CPU = Release|Any CPU
	EndGlobalSection
	GlobalSection(ProjectConfigurationPlatforms) = postSolution
		{E0575D96-8000-4467-B3A3-1CEFCCA6737D}.Debug|Any CPU.ActiveCfg = Debug|Any CPU
		{E0575D96-8000-4467-B3A3-1CEFCCA6737D}.Debug|Any CPU.Build.0 = Debug|Any CPU
		{E0575D96-8000-4467-B3A3-1CEFCCA6737D}.Release|Any CPU.ActiveCfg = Release|Any CPU
		{E0575D96-8000-4467-B3A3-1CEFCCA6737D}.Release|Any CPU.Build.0 = Release|Any CPU
	EndGlobalSection
	GlobalSection(SolutionProperties) = preSolution
		HideSolutionNode = FALSE
	EndGlobalSection
	GlobalSection(ExtensibilityGlobals) = postSolution
		SolutionGuid = {C403DE6F-B5A3-4D28-B856-3ACFC196A2C7}
	EndGlobalSection
EndGlobal
